// !$*UTF8*$!
{
	archiveVersion = 1;
	classes = {
	};
	objectVersion = 56;
	objects = {

/* Begin PBXBuildFile section */
		A0032E8329DC27E70095F847 /* Song.swift in Sources */ = {isa = PBXBuildFile; fileRef = A0032E8229DC27E70095F847 /* Song.swift */; };
		A0032E8529DC4F490095F847 /* musictest.mp3 in Resources */ = {isa = PBXBuildFile; fileRef = A0032E8429DC4F490095F847 /* musictest.mp3 */; };
		A0286C6A29E2959800B3EF01 /* Instrument.swift in Sources */ = {isa = PBXBuildFile; fileRef = A0286C6929E2959800B3EF01 /* Instrument.swift */; };
		A0286C7529E2EBA100B3EF01 /* test.swift in Sources */ = {isa = PBXBuildFile; fileRef = A0286C7429E2EBA100B3EF01 /* test.swift */; };
		A0286C7729E320BB00B3EF01 /* Tools.swift in Sources */ = {isa = PBXBuildFile; fileRef = A0286C7629E320BB00B3EF01 /* Tools.swift */; };
		A031964529E4628A00050B98 /* FeedBack.swift in Sources */ = {isa = PBXBuildFile; fileRef = A031964429E4628A00050B98 /* FeedBack.swift */; };
		A033E2BD29DB32F3006FD53D /* SongChoose.swift in Sources */ = {isa = PBXBuildFile; fileRef = A033E2BC29DB32F3006FD53D /* SongChoose.swift */; };
		A066730F29E3E7DC009DCE75 /* CustomButtonStyle.swift in Sources */ = {isa = PBXBuildFile; fileRef = A066730E29E3E7DC009DCE75 /* CustomButtonStyle.swift */; };
		A0680DF829DA996E00F508E1 /* Album.swift in Sources */ = {isa = PBXBuildFile; fileRef = A0680DF729DA996D00F508E1 /* Album.swift */; };
		A0680DFA29DAAFA300F508E1 /* CustomCorners.swift in Sources */ = {isa = PBXBuildFile; fileRef = A0680DF929DAAFA300F508E1 /* CustomCorners.swift */; };
		A0680DFC29DB18F800F508E1 /* BaseView.swift in Sources */ = {isa = PBXBuildFile; fileRef = A0680DFB29DB18F700F508E1 /* BaseView.swift */; };
		A0680DFE29DB1C5400F508E1 /* CustomTab.swift in Sources */ = {isa = PBXBuildFile; fileRef = A0680DFD29DB1C5400F508E1 /* CustomTab.swift */; };
		A088AAA429DB353400447088 /* InstruTab.swift in Sources */ = {isa = PBXBuildFile; fileRef = A088AAA329DB353400447088 /* InstruTab.swift */; };
		A088AAA629DB3ECD00447088 /* CustomCarousel.swift in Sources */ = {isa = PBXBuildFile; fileRef = A088AAA529DB3ECD00447088 /* CustomCarousel.swift */; };
		A088AAA829DC05A400447088 /* CustomArcShape.swift in Sources */ = {isa = PBXBuildFile; fileRef = A088AAA729DC05A400447088 /* CustomArcShape.swift */; };
		A088AAAA29DC10D500447088 /* HeaderView.swift in Sources */ = {isa = PBXBuildFile; fileRef = A088AAA929DC10D500447088 /* HeaderView.swift */; };
		A088AAAC29DC139900447088 /* DetailView.swift in Sources */ = {isa = PBXBuildFile; fileRef = A088AAAB29DC139900447088 /* DetailView.swift */; };
		A088AAB029DC1EC700447088 /* CustomShape.swift in Sources */ = {isa = PBXBuildFile; fileRef = A088AAAF29DC1EC700447088 /* CustomShape.swift */; };
		A0998B5229C752C800A6561C /* RotateCard.swift in Sources */ = {isa = PBXBuildFile; fileRef = A0998B5129C752C800A6561C /* RotateCard.swift */; };
		A0998B5429C7542B00A6561C /* Pic_Front.swift in Sources */ = {isa = PBXBuildFile; fileRef = A0998B5329C7542B00A6561C /* Pic_Front.swift */; };
		A0DA23DE29C307F90047AFCE /* MusicApp.swift in Sources */ = {isa = PBXBuildFile; fileRef = A0DA23DD29C307F90047AFCE /* MusicApp.swift */; };
		A0DA23E029C307F90047AFCE /* Introduction.swift in Sources */ = {isa = PBXBuildFile; fileRef = A0DA23DF29C307F90047AFCE /* Introduction.swift */; };
		A0DA23E229C307FC0047AFCE /* Assets.xcassets in Resources */ = {isa = PBXBuildFile; fileRef = A0DA23E129C307FC0047AFCE /* Assets.xcassets */; };
		A0DA23E629C307FC0047AFCE /* Preview Assets.xcassets in Resources */ = {isa = PBXBuildFile; fileRef = A0DA23E529C307FC0047AFCE /* Preview Assets.xcassets */; };
		A0DA23ED29C308F30047AFCE /* StyleTransfer.swift in Sources */ = {isa = PBXBuildFile; fileRef = A0DA23EC29C308F30047AFCE /* StyleTransfer.swift */; };
		A0DA23EF29C3092D0047AFCE /* MySetting.swift in Sources */ = {isa = PBXBuildFile; fileRef = A0DA23EE29C3092D0047AFCE /* MySetting.swift */; };
		A0F48BC629ED8DE400C32B4D /* MyModel.scn in Resources */ = {isa = PBXBuildFile; fileRef = A0F48BC529ED8DE400C32B4D /* MyModel.scn */; };
		A0F48BC829ED8E8600C32B4D /* CustomARView.swift in Sources */ = {isa = PBXBuildFile; fileRef = A0F48BC729ED8E8600C32B4D /* CustomARView.swift */; };
		A0FE3ABB29ED157400D740C4 /* BeginView.swift in Sources */ = {isa = PBXBuildFile; fileRef = A0FE3ABA29ED157400D740C4 /* BeginView.swift */; };
		A0FE3ABE29ED15CE00D740C4 /* Intro.swift in Sources */ = {isa = PBXBuildFile; fileRef = A0FE3ABD29ED15CE00D740C4 /* Intro.swift */; };
		A0FE3AC329ED489200D740C4 /* LoginAndRegis.swift in Sources */ = {isa = PBXBuildFile; fileRef = A0FE3AC229ED489200D740C4 /* LoginAndRegis.swift */; };
		A0FE3AC629ED5DEC00D740C4 /* MyARView.swift in Sources */ = {isa = PBXBuildFile; fileRef = A0FE3AC529ED5DEC00D740C4 /* MyARView.swift */; };
		A0FE3ACC29ED676700D740C4 /* MyScene.rcproject in Sources */ = {isa = PBXBuildFile; fileRef = A0FE3ACB29ED676700D740C4 /* MyScene.rcproject */; };
		BC14665F29E6886300F0B4F2 /* AppearanceSetView.swift in Sources */ = {isa = PBXBuildFile; fileRef = BC14665E29E6886300F0B4F2 /* AppearanceSetView.swift */; };
		BC14666129E688A800F0B4F2 /* AppSettings.swift in Sources */ = {isa = PBXBuildFile; fileRef = BC14666029E688A800F0B4F2 /* AppSettings.swift */; };
		BC14666329E688DB00F0B4F2 /* ThemeData.swift in Sources */ = {isa = PBXBuildFile; fileRef = BC14666229E688DB00F0B4F2 /* ThemeData.swift */; };
		BC14666529E688F400F0B4F2 /* ThemeModel.swift in Sources */ = {isa = PBXBuildFile; fileRef = BC14666429E688F400F0B4F2 /* ThemeModel.swift */; };
		BC14666829E68A7F00F0B4F2 /* Styles.swift in Sources */ = {isa = PBXBuildFile; fileRef = BC14666729E68A7F00F0B4F2 /* Styles.swift */; };
		BC14666A29E68A9800F0B4F2 /* Animations.swift in Sources */ = {isa = PBXBuildFile; fileRef = BC14666929E68A9800F0B4F2 /* Animations.swift */; };
		BC14666C29E68CF600F0B4F2 /* ProfileView.swift in Sources */ = {isa = PBXBuildFile; fileRef = BC14666B29E68CF600F0B4F2 /* ProfileView.swift */; };
		BC20E60729CD499D0093D675 /* Pic_Intro.swift in Sources */ = {isa = PBXBuildFile; fileRef = BC20E60629CD499D0093D675 /* Pic_Intro.swift */; };
		BC8D657629E194D700966B66 /* test2.mp3 in Resources */ = {isa = PBXBuildFile; fileRef = BC8D657529E194D700966B66 /* test2.mp3 */; };
		BC8D657B29E3AA1300966B66 /* HistoryView.swift in Sources */ = {isa = PBXBuildFile; fileRef = BC8D657A29E3AA1300966B66 /* HistoryView.swift */; };
		BC8D657E29E3AF0A00966B66 /* History.swift in Sources */ = {isa = PBXBuildFile; fileRef = BC8D657D29E3AF0A00966B66 /* History.swift */; };
		BCE412DE29E5369D000C94B9 /* PersonView.swift in Sources */ = {isa = PBXBuildFile; fileRef = BCE412DD29E5369D000C94B9 /* PersonView.swift */; };
		BCE412E429E5614D000C94B9 /* TestView.swift in Sources */ = {isa = PBXBuildFile; fileRef = BCE412E329E5614D000C94B9 /* TestView.swift */; };
		BCE412E629E5675D000C94B9 /* CollectionView.swift in Sources */ = {isa = PBXBuildFile; fileRef = BCE412E529E5675C000C94B9 /* CollectionView.swift */; };
		BCE412E829E567BE000C94B9 /* AboutUsView.swift in Sources */ = {isa = PBXBuildFile; fileRef = BCE412E729E567BE000C94B9 /* AboutUsView.swift */; };
/* End PBXBuildFile section */

/* Begin PBXFileReference section */
		A0032E8229DC27E70095F847 /* Song.swift */ = {isa = PBXFileReference; fileEncoding = 4; lastKnownFileType = sourcecode.swift; path = Song.swift; sourceTree = "<group>"; };
		A0032E8429DC4F490095F847 /* musictest.mp3 */ = {isa = PBXFileReference; lastKnownFileType = audio.mp3; path = musictest.mp3; sourceTree = "<group>"; };
		A0286C6929E2959800B3EF01 /* Instrument.swift */ = {isa = PBXFileReference; lastKnownFileType = sourcecode.swift; path = Instrument.swift; sourceTree = "<group>"; };
		A0286C7429E2EBA100B3EF01 /* test.swift */ = {isa = PBXFileReference; lastKnownFileType = sourcecode.swift; path = test.swift; sourceTree = "<group>"; };
		A0286C7629E320BB00B3EF01 /* Tools.swift */ = {isa = PBXFileReference; lastKnownFileType = sourcecode.swift; path = Tools.swift; sourceTree = "<group>"; };
		A031964429E4628A00050B98 /* FeedBack.swift */ = {isa = PBXFileReference; lastKnownFileType = sourcecode.swift; path = FeedBack.swift; sourceTree = "<group>"; };
		A033E2BC29DB32F3006FD53D /* SongChoose.swift */ = {isa = PBXFileReference; lastKnownFileType = sourcecode.swift; path = SongChoose.swift; sourceTree = "<group>"; };
		A066730E29E3E7DC009DCE75 /* CustomButtonStyle.swift */ = {isa = PBXFileReference; lastKnownFileType = sourcecode.swift; path = CustomButtonStyle.swift; sourceTree = "<group>"; };
		A0680DF729DA996D00F508E1 /* Album.swift */ = {isa = PBXFileReference; lastKnownFileType = sourcecode.swift; path = Album.swift; sourceTree = "<group>"; };
		A0680DF929DAAFA300F508E1 /* CustomCorners.swift */ = {isa = PBXFileReference; lastKnownFileType = sourcecode.swift; path = CustomCorners.swift; sourceTree = "<group>"; };
		A0680DFB29DB18F700F508E1 /* BaseView.swift */ = {isa = PBXFileReference; lastKnownFileType = sourcecode.swift; path = BaseView.swift; sourceTree = "<group>"; };
		A0680DFD29DB1C5400F508E1 /* CustomTab.swift */ = {isa = PBXFileReference; lastKnownFileType = sourcecode.swift; path = CustomTab.swift; sourceTree = "<group>"; };
		A088AAA329DB353400447088 /* InstruTab.swift */ = {isa = PBXFileReference; lastKnownFileType = sourcecode.swift; path = InstruTab.swift; sourceTree = "<group>"; };
		A088AAA529DB3ECD00447088 /* CustomCarousel.swift */ = {isa = PBXFileReference; lastKnownFileType = sourcecode.swift; path = CustomCarousel.swift; sourceTree = "<group>"; };
		A088AAA729DC05A400447088 /* CustomArcShape.swift */ = {isa = PBXFileReference; lastKnownFileType = sourcecode.swift; path = CustomArcShape.swift; sourceTree = "<group>"; };
		A088AAA929DC10D500447088 /* HeaderView.swift */ = {isa = PBXFileReference; lastKnownFileType = sourcecode.swift; path = HeaderView.swift; sourceTree = "<group>"; };
		A088AAAB29DC139900447088 /* DetailView.swift */ = {isa = PBXFileReference; lastKnownFileType = sourcecode.swift; path = DetailView.swift; sourceTree = "<group>"; };
		A088AAAF29DC1EC700447088 /* CustomShape.swift */ = {isa = PBXFileReference; lastKnownFileType = sourcecode.swift; path = CustomShape.swift; sourceTree = "<group>"; };
		A0998B5129C752C800A6561C /* RotateCard.swift */ = {isa = PBXFileReference; lastKnownFileType = sourcecode.swift; path = RotateCard.swift; sourceTree = "<group>"; };
		A0998B5329C7542B00A6561C /* Pic_Front.swift */ = {isa = PBXFileReference; lastKnownFileType = sourcecode.swift; path = Pic_Front.swift; sourceTree = "<group>"; };
		A0DA23DA29C307F90047AFCE /* Music.app */ = {isa = PBXFileReference; explicitFileType = wrapper.application; includeInIndex = 0; path = Music.app; sourceTree = BUILT_PRODUCTS_DIR; };
		A0DA23DD29C307F90047AFCE /* MusicApp.swift */ = {isa = PBXFileReference; lastKnownFileType = sourcecode.swift; path = MusicApp.swift; sourceTree = "<group>"; };
		A0DA23DF29C307F90047AFCE /* Introduction.swift */ = {isa = PBXFileReference; lastKnownFileType = sourcecode.swift; path = Introduction.swift; sourceTree = "<group>"; };
		A0DA23E129C307FC0047AFCE /* Assets.xcassets */ = {isa = PBXFileReference; lastKnownFileType = folder.assetcatalog; path = Assets.xcassets; sourceTree = "<group>"; };
		A0DA23E329C307FC0047AFCE /* Music.entitlements */ = {isa = PBXFileReference; lastKnownFileType = text.plist.entitlements; path = Music.entitlements; sourceTree = "<group>"; };
		A0DA23E529C307FC0047AFCE /* Preview Assets.xcassets */ = {isa = PBXFileReference; lastKnownFileType = folder.assetcatalog; path = "Preview Assets.xcassets"; sourceTree = "<group>"; };
		A0DA23EC29C308F30047AFCE /* StyleTransfer.swift */ = {isa = PBXFileReference; lastKnownFileType = sourcecode.swift; path = StyleTransfer.swift; sourceTree = "<group>"; };
		A0DA23EE29C3092D0047AFCE /* MySetting.swift */ = {isa = PBXFileReference; lastKnownFileType = sourcecode.swift; path = MySetting.swift; sourceTree = "<group>"; };
		A0F48BC529ED8DE400C32B4D /* MyModel.scn */ = {isa = PBXFileReference; lastKnownFileType = file.bplist; name = MyModel.scn; path = Music/Sources/MyModel.scn; sourceTree = "<group>"; };
		A0F48BC729ED8E8600C32B4D /* CustomARView.swift */ = {isa = PBXFileReference; lastKnownFileType = sourcecode.swift; path = CustomARView.swift; sourceTree = "<group>"; };
		A0FE3ABA29ED157400D740C4 /* BeginView.swift */ = {isa = PBXFileReference; lastKnownFileType = sourcecode.swift; path = BeginView.swift; sourceTree = "<group>"; };
		A0FE3ABD29ED15CE00D740C4 /* Intro.swift */ = {isa = PBXFileReference; lastKnownFileType = sourcecode.swift; path = Intro.swift; sourceTree = "<group>"; };
		A0FE3ABF29ED2E3C00D740C4 /* Slideqiuhong.ttf */ = {isa = PBXFileReference; lastKnownFileType = file; path = Slideqiuhong.ttf; sourceTree = "<group>"; };
		A0FE3AC229ED489200D740C4 /* LoginAndRegis.swift */ = {isa = PBXFileReference; lastKnownFileType = sourcecode.swift; path = LoginAndRegis.swift; sourceTree = "<group>"; };
		A0FE3AC529ED5DEC00D740C4 /* MyARView.swift */ = {isa = PBXFileReference; lastKnownFileType = sourcecode.swift; path = MyARView.swift; sourceTree = "<group>"; };
		A0FE3ACB29ED676700D740C4 /* MyScene.rcproject */ = {isa = PBXFileReference; lastKnownFileType = file.rcproject; path = MyScene.rcproject; sourceTree = "<group>"; };
		BC14665E29E6886300F0B4F2 /* AppearanceSetView.swift */ = {isa = PBXFileReference; lastKnownFileType = sourcecode.swift; path = AppearanceSetView.swift; sourceTree = "<group>"; };
		BC14666029E688A800F0B4F2 /* AppSettings.swift */ = {isa = PBXFileReference; lastKnownFileType = sourcecode.swift; path = AppSettings.swift; sourceTree = "<group>"; };
		BC14666229E688DB00F0B4F2 /* ThemeData.swift */ = {isa = PBXFileReference; lastKnownFileType = sourcecode.swift; path = ThemeData.swift; sourceTree = "<group>"; };
		BC14666429E688F400F0B4F2 /* ThemeModel.swift */ = {isa = PBXFileReference; lastKnownFileType = sourcecode.swift; path = ThemeModel.swift; sourceTree = "<group>"; };
		BC14666729E68A7F00F0B4F2 /* Styles.swift */ = {isa = PBXFileReference; lastKnownFileType = sourcecode.swift; path = Styles.swift; sourceTree = "<group>"; };
		BC14666929E68A9800F0B4F2 /* Animations.swift */ = {isa = PBXFileReference; lastKnownFileType = sourcecode.swift; path = Animations.swift; sourceTree = "<group>"; };
		BC14666B29E68CF600F0B4F2 /* ProfileView.swift */ = {isa = PBXFileReference; lastKnownFileType = sourcecode.swift; path = ProfileView.swift; sourceTree = "<group>"; };
		BC20E60629CD499D0093D675 /* Pic_Intro.swift */ = {isa = PBXFileReference; lastKnownFileType = sourcecode.swift; path = Pic_Intro.swift; sourceTree = "<group>"; };
		BC8D657529E194D700966B66 /* test2.mp3 */ = {isa = PBXFileReference; lastKnownFileType = audio.mp3; path = test2.mp3; sourceTree = "<group>"; };
		BC8D657A29E3AA1300966B66 /* HistoryView.swift */ = {isa = PBXFileReference; fileEncoding = 4; lastKnownFileType = sourcecode.swift; path = HistoryView.swift; sourceTree = "<group>"; };
		BC8D657D29E3AF0A00966B66 /* History.swift */ = {isa = PBXFileReference; lastKnownFileType = sourcecode.swift; path = History.swift; sourceTree = "<group>"; };
		BCE412DD29E5369D000C94B9 /* PersonView.swift */ = {isa = PBXFileReference; lastKnownFileType = sourcecode.swift; path = PersonView.swift; sourceTree = "<group>"; };
		BCE412E329E5614D000C94B9 /* TestView.swift */ = {isa = PBXFileReference; lastKnownFileType = sourcecode.swift; path = TestView.swift; sourceTree = "<group>"; };
		BCE412E529E5675C000C94B9 /* CollectionView.swift */ = {isa = PBXFileReference; lastKnownFileType = sourcecode.swift; path = CollectionView.swift; sourceTree = "<group>"; };
		BCE412E729E567BE000C94B9 /* AboutUsView.swift */ = {isa = PBXFileReference; lastKnownFileType = sourcecode.swift; path = AboutUsView.swift; sourceTree = "<group>"; };
/* End PBXFileReference section */

/* Begin PBXFrameworksBuildPhase section */
		A0DA23D729C307F90047AFCE /* Frameworks */ = {
			isa = PBXFrameworksBuildPhase;
			buildActionMask = 2147483647;
			files = (
			);
			runOnlyForDeploymentPostprocessing = 0;
		};
/* End PBXFrameworksBuildPhase section */

/* Begin PBXGroup section */
		A0032E7E29DC263A0095F847 /* Sources */ = {
			isa = PBXGroup;
			children = (
				A0FE3ABF29ED2E3C00D740C4 /* Slideqiuhong.ttf */,
				BC8D657529E194D700966B66 /* test2.mp3 */,
				A0032E8429DC4F490095F847 /* musictest.mp3 */,
			);
			path = Sources;
			sourceTree = "<group>";
		};
		A0032E8129DC26C10095F847 /* Model */ = {
			isa = PBXGroup;
			children = (
				A0032E8229DC27E70095F847 /* Song.swift */,
				A0680DF729DA996D00F508E1 /* Album.swift */,
			);
			path = Model;
			sourceTree = "<group>";
		};
		A0032E8A29DC5DF10095F847 /* Custom */ = {
			isa = PBXGroup;
			children = (
				A088AAAF29DC1EC700447088 /* CustomShape.swift */,
				A088AAA529DB3ECD00447088 /* CustomCarousel.swift */,
				A088AAA729DC05A400447088 /* CustomArcShape.swift */,
				A066730E29E3E7DC009DCE75 /* CustomButtonStyle.swift */,
			);
			path = Custom;
			sourceTree = "<group>";
		};
		A0286C6829E2958500B3EF01 /* Model */ = {
			isa = PBXGroup;
			children = (
				A0286C6929E2959800B3EF01 /* Instrument.swift */,
			);
			path = Model;
			sourceTree = "<group>";
		};
		A033E2BE29DB3321006FD53D /* View */ = {
			isa = PBXGroup;
			children = (
				A0FE3ABC29ED15B900D740C4 /* Model */,
				A0DA23DF29C307F90047AFCE /* Introduction.swift */,
				A0DA23EC29C308F30047AFCE /* StyleTransfer.swift */,
				A0DA23EE29C3092D0047AFCE /* MySetting.swift */,
				A0680DFB29DB18F700F508E1 /* BaseView.swift */,
				A0FE3ABA29ED157400D740C4 /* BeginView.swift */,
			);
			path = View;
			sourceTree = "<group>";
		};
		A033E2BF29DB334E006FD53D /* Base_Com */ = {
			isa = PBXGroup;
			children = (
				A0286C7629E320BB00B3EF01 /* Tools.swift */,
				A0680DFD29DB1C5400F508E1 /* CustomTab.swift */,
				A0680DF929DAAFA300F508E1 /* CustomCorners.swift */,
			);
			path = Base_Com;
			sourceTree = "<group>";
		};
		A0680DF229DA8B0600F508E1 /* Style_Com */ = {
			isa = PBXGroup;
			children = (
				A0032E8A29DC5DF10095F847 /* Custom */,
				A0032E8129DC26C10095F847 /* Model */,
				A033E2BC29DB32F3006FD53D /* SongChoose.swift */,
				A088AAA329DB353400447088 /* InstruTab.swift */,
				A088AAA929DC10D500447088 /* HeaderView.swift */,
				A088AAAB29DC139900447088 /* DetailView.swift */,
			);
			path = Style_Com;
			sourceTree = "<group>";
		};
		A0998B5029C7529200A6561C /* Intro_Com */ = {
			isa = PBXGroup;
			children = (
				A0286C6829E2958500B3EF01 /* Model */,
				A0998B5129C752C800A6561C /* RotateCard.swift */,
				A0998B5329C7542B00A6561C /* Pic_Front.swift */,
				BC20E60629CD499D0093D675 /* Pic_Intro.swift */,
				A0286C7429E2EBA100B3EF01 /* test.swift */,
			);
			path = Intro_Com;
			sourceTree = "<group>";
		};
		A0DA23D129C307F90047AFCE = {
			isa = PBXGroup;
			children = (
				A0F48BC529ED8DE400C32B4D /* MyModel.scn */,
				A0DA23DC29C307F90047AFCE /* Music */,
				A0DA23DB29C307F90047AFCE /* Products */,
			);
			sourceTree = "<group>";
		};
		A0DA23DB29C307F90047AFCE /* Products */ = {
			isa = PBXGroup;
			children = (
				A0DA23DA29C307F90047AFCE /* Music.app */,
			);
			name = Products;
			sourceTree = "<group>";
		};
		A0DA23DC29C307F90047AFCE /* Music */ = {
			isa = PBXGroup;
			children = (
				A0FE3AC129ED487900D740C4 /* Login_Com */,
				BC8D657729E3A99900966B66 /* MySetting_Com */,
				A0032E7E29DC263A0095F847 /* Sources */,
				A033E2BF29DB334E006FD53D /* Base_Com */,
				A033E2BE29DB3321006FD53D /* View */,
				A0680DF229DA8B0600F508E1 /* Style_Com */,
				A0998B5029C7529200A6561C /* Intro_Com */,
				A0DA23E129C307FC0047AFCE /* Assets.xcassets */,
				A0DA23E329C307FC0047AFCE /* Music.entitlements */,
				A0DA23DD29C307F90047AFCE /* MusicApp.swift */,
				A0DA23E429C307FC0047AFCE /* Preview Content */,
			);
			path = Music;
			sourceTree = "<group>";
		};
		A0DA23E429C307FC0047AFCE /* Preview Content */ = {
			isa = PBXGroup;
			children = (
				A0DA23E529C307FC0047AFCE /* Preview Assets.xcassets */,
			);
			path = "Preview Content";
			sourceTree = "<group>";
		};
		A0FE3ABC29ED15B900D740C4 /* Model */ = {
			isa = PBXGroup;
			children = (
				A0FE3ABD29ED15CE00D740C4 /* Intro.swift */,
			);
			path = Model;
			sourceTree = "<group>";
		};
		A0FE3AC129ED487900D740C4 /* Login_Com */ = {
			isa = PBXGroup;
			children = (
				A0FE3AC229ED489200D740C4 /* LoginAndRegis.swift */,
			);
			path = Login_Com;
			sourceTree = "<group>";
		};
		A0FE3AC429ED5DD800D740C4 /* ARView */ = {
			isa = PBXGroup;
			children = (
				A0FE3AC529ED5DEC00D740C4 /* MyARView.swift */,
				A0FE3ACB29ED676700D740C4 /* MyScene.rcproject */,
				A0F48BC729ED8E8600C32B4D /* CustomARView.swift */,
			);
			path = ARView;
			sourceTree = "<group>";
		};
		BC14666629E68A6C00F0B4F2 /* Styles */ = {
			isa = PBXGroup;
			children = (
				BC14666729E68A7F00F0B4F2 /* Styles.swift */,
				BC14666929E68A9800F0B4F2 /* Animations.swift */,
			);
			path = Styles;
			sourceTree = "<group>";
		};
		BC8D657729E3A99900966B66 /* MySetting_Com */ = {
			isa = PBXGroup;
			children = (
				A0FE3AC429ED5DD800D740C4 /* ARView */,
				BC14666629E68A6C00F0B4F2 /* Styles */,
				BC8D657C29E3AEF100966B66 /* Model */,
				BC8D657A29E3AA1300966B66 /* HistoryView.swift */,
				BCE412DD29E5369D000C94B9 /* PersonView.swift */,
				BCE412E329E5614D000C94B9 /* TestView.swift */,
				BCE412E529E5675C000C94B9 /* CollectionView.swift */,
				BCE412E729E567BE000C94B9 /* AboutUsView.swift */,
				A031964429E4628A00050B98 /* FeedBack.swift */,
				BC14665E29E6886300F0B4F2 /* AppearanceSetView.swift */,
				BC14666B29E68CF600F0B4F2 /* ProfileView.swift */,
			);
			path = MySetting_Com;
			sourceTree = "<group>";
		};
		BC8D657C29E3AEF100966B66 /* Model */ = {
			isa = PBXGroup;
			children = (
				BC8D657D29E3AF0A00966B66 /* History.swift */,
				BC14666029E688A800F0B4F2 /* AppSettings.swift */,
				BC14666229E688DB00F0B4F2 /* ThemeData.swift */,
				BC14666429E688F400F0B4F2 /* ThemeModel.swift */,
			);
			path = Model;
			sourceTree = "<group>";
		};
/* End PBXGroup section */

/* Begin PBXNativeTarget section */
		A0DA23D929C307F90047AFCE /* Music */ = {
			isa = PBXNativeTarget;
			buildConfigurationList = A0DA23E929C307FC0047AFCE /* Build configuration list for PBXNativeTarget "Music" */;
			buildPhases = (
				A0DA23D629C307F90047AFCE /* Sources */,
				A0DA23D729C307F90047AFCE /* Frameworks */,
				A0DA23D829C307F90047AFCE /* Resources */,
			);
			buildRules = (
			);
			dependencies = (
			);
			name = Music;
			productName = Music;
			productReference = A0DA23DA29C307F90047AFCE /* Music.app */;
			productType = "com.apple.product-type.application";
		};
/* End PBXNativeTarget section */

/* Begin PBXProject section */
		A0DA23D229C307F90047AFCE /* Project object */ = {
			isa = PBXProject;
			attributes = {
				BuildIndependentTargetsInParallel = 1;
				LastSwiftUpdateCheck = 1420;
				LastUpgradeCheck = 1420;
				TargetAttributes = {
					A0DA23D929C307F90047AFCE = {
						CreatedOnToolsVersion = 14.2;
					};
				};
			};
			buildConfigurationList = A0DA23D529C307F90047AFCE /* Build configuration list for PBXProject "Music" */;
			compatibilityVersion = "Xcode 14.0";
			developmentRegion = en;
			hasScannedForEncodings = 0;
			knownRegions = (
				en,
				Base,
			);
			mainGroup = A0DA23D129C307F90047AFCE;
			productRefGroup = A0DA23DB29C307F90047AFCE /* Products */;
			projectDirPath = "";
			projectRoot = "";
			targets = (
				A0DA23D929C307F90047AFCE /* Music */,
			);
		};
/* End PBXProject section */

/* Begin PBXResourcesBuildPhase section */
		A0DA23D829C307F90047AFCE /* Resources */ = {
			isa = PBXResourcesBuildPhase;
			buildActionMask = 2147483647;
			files = (
				A0F48BC629ED8DE400C32B4D /* MyModel.scn in Resources */,
				A0032E8529DC4F490095F847 /* musictest.mp3 in Resources */,
				BC8D657629E194D700966B66 /* test2.mp3 in Resources */,
				A0DA23E629C307FC0047AFCE /* Preview Assets.xcassets in Resources */,
				A0DA23E229C307FC0047AFCE /* Assets.xcassets in Resources */,
			);
			runOnlyForDeploymentPostprocessing = 0;
		};
/* End PBXResourcesBuildPhase section */

/* Begin PBXSourcesBuildPhase section */
		A0DA23D629C307F90047AFCE /* Sources */ = {
			isa = PBXSourcesBuildPhase;
			buildActionMask = 2147483647;
			files = (
				BCE412E429E5614D000C94B9 /* TestView.swift in Sources */,
				BC14666C29E68CF600F0B4F2 /* ProfileView.swift in Sources */,
				A0DA23ED29C308F30047AFCE /* StyleTransfer.swift in Sources */,
				BC14666829E68A7F00F0B4F2 /* Styles.swift in Sources */,
				BC14665F29E6886300F0B4F2 /* AppearanceSetView.swift in Sources */,
				BC8D657B29E3AA1300966B66 /* HistoryView.swift in Sources */,
				A0680DFC29DB18F800F508E1 /* BaseView.swift in Sources */,
				A0680DFA29DAAFA300F508E1 /* CustomCorners.swift in Sources */,
				A0FE3AC329ED489200D740C4 /* LoginAndRegis.swift in Sources */,
				BCE412E629E5675D000C94B9 /* CollectionView.swift in Sources */,
				A0286C7529E2EBA100B3EF01 /* test.swift in Sources */,
				A0FE3ABE29ED15CE00D740C4 /* Intro.swift in Sources */,
				A0998B5429C7542B00A6561C /* Pic_Front.swift in Sources */,
				A0FE3AC629ED5DEC00D740C4 /* MyARView.swift in Sources */,
				A0286C6A29E2959800B3EF01 /* Instrument.swift in Sources */,
				A0032E8329DC27E70095F847 /* Song.swift in Sources */,
				A0FE3ABB29ED157400D740C4 /* BeginView.swift in Sources */,
				A0286C7729E320BB00B3EF01 /* Tools.swift in Sources */,
				BC8D657E29E3AF0A00966B66 /* History.swift in Sources */,
				A088AAA629DB3ECD00447088 /* CustomCarousel.swift in Sources */,
				BC14666529E688F400F0B4F2 /* ThemeModel.swift in Sources */,
				BCE412E829E567BE000C94B9 /* AboutUsView.swift in Sources */,
				BC14666329E688DB00F0B4F2 /* ThemeData.swift in Sources */,
				A0286C7729E320BB00B3EF01 /* Tools.swift in Sources */,
				A088AAAA29DC10D500447088 /* HeaderView.swift in Sources */,
				A088AAA429DB353400447088 /* InstruTab.swift in Sources */,
				A088AAB029DC1EC700447088 /* CustomShape.swift in Sources */,
				A0998B5229C752C800A6561C /* RotateCard.swift in Sources */,
				A033E2BD29DB32F3006FD53D /* SongChoose.swift in Sources */,
				BC14666129E688A800F0B4F2 /* AppSettings.swift in Sources */,
				BCE412DE29E5369D000C94B9 /* PersonView.swift in Sources */,
				A088AAA829DC05A400447088 /* CustomArcShape.swift in Sources */,
				A088AAAC29DC139900447088 /* DetailView.swift in Sources */,
				A0680DFE29DB1C5400F508E1 /* CustomTab.swift in Sources */,
				A066730F29E3E7DC009DCE75 /* CustomButtonStyle.swift in Sources */,
				A031964529E4628A00050B98 /* FeedBack.swift in Sources */,
				BC14666A29E68A9800F0B4F2 /* Animations.swift in Sources */,
				BC20E60729CD499D0093D675 /* Pic_Intro.swift in Sources */,
				A0DA23E029C307F90047AFCE /* Introduction.swift in Sources */,
				A0FE3ACC29ED676700D740C4 /* MyScene.rcproject in Sources */,
				A0680DF829DA996E00F508E1 /* Album.swift in Sources */,
				A0DA23EF29C3092D0047AFCE /* MySetting.swift in Sources */,
				A0F48BC829ED8E8600C32B4D /* CustomARView.swift in Sources */,
				A0DA23DE29C307F90047AFCE /* MusicApp.swift in Sources */,
			);
			runOnlyForDeploymentPostprocessing = 0;
		};
/* End PBXSourcesBuildPhase section */

/* Begin XCBuildConfiguration section */
		A0DA23E729C307FC0047AFCE /* Debug */ = {
			isa = XCBuildConfiguration;
			buildSettings = {
				ALWAYS_SEARCH_USER_PATHS = NO;
				CLANG_ANALYZER_NONNULL = YES;
				CLANG_ANALYZER_NUMBER_OBJECT_CONVERSION = YES_AGGRESSIVE;
				CLANG_CXX_LANGUAGE_STANDARD = "gnu++20";
				CLANG_ENABLE_MODULES = YES;
				CLANG_ENABLE_OBJC_ARC = YES;
				CLANG_ENABLE_OBJC_WEAK = YES;
				CLANG_WARN_BLOCK_CAPTURE_AUTORELEASING = YES;
				CLANG_WARN_BOOL_CONVERSION = YES;
				CLANG_WARN_COMMA = YES;
				CLANG_WARN_CONSTANT_CONVERSION = YES;
				CLANG_WARN_DEPRECATED_OBJC_IMPLEMENTATIONS = YES;
				CLANG_WARN_DIRECT_OBJC_ISA_USAGE = YES_ERROR;
				CLANG_WARN_DOCUMENTATION_COMMENTS = YES;
				CLANG_WARN_EMPTY_BODY = YES;
				CLANG_WARN_ENUM_CONVERSION = YES;
				CLANG_WARN_INFINITE_RECURSION = YES;
				CLANG_WARN_INT_CONVERSION = YES;
				CLANG_WARN_NON_LITERAL_NULL_CONVERSION = YES;
				CLANG_WARN_OBJC_IMPLICIT_RETAIN_SELF = YES;
				CLANG_WARN_OBJC_LITERAL_CONVERSION = YES;
				CLANG_WARN_OBJC_ROOT_CLASS = YES_ERROR;
				CLANG_WARN_QUOTED_INCLUDE_IN_FRAMEWORK_HEADER = YES;
				CLANG_WARN_RANGE_LOOP_ANALYSIS = YES;
				CLANG_WARN_STRICT_PROTOTYPES = YES;
				CLANG_WARN_SUSPICIOUS_MOVE = YES;
				CLANG_WARN_UNGUARDED_AVAILABILITY = YES_AGGRESSIVE;
				CLANG_WARN_UNREACHABLE_CODE = YES;
				CLANG_WARN__DUPLICATE_METHOD_MATCH = YES;
				COPY_PHASE_STRIP = NO;
				DEBUG_INFORMATION_FORMAT = dwarf;
				ENABLE_STRICT_OBJC_MSGSEND = YES;
				ENABLE_TESTABILITY = YES;
				GCC_C_LANGUAGE_STANDARD = gnu11;
				GCC_DYNAMIC_NO_PIC = NO;
				GCC_NO_COMMON_BLOCKS = YES;
				GCC_OPTIMIZATION_LEVEL = 0;
				GCC_PREPROCESSOR_DEFINITIONS = (
					"DEBUG=1",
					"$(inherited)",
				);
				GCC_WARN_64_TO_32_BIT_CONVERSION = YES;
				GCC_WARN_ABOUT_RETURN_TYPE = YES_ERROR;
				GCC_WARN_UNDECLARED_SELECTOR = YES;
				GCC_WARN_UNINITIALIZED_AUTOS = YES_AGGRESSIVE;
				GCC_WARN_UNUSED_FUNCTION = YES;
				GCC_WARN_UNUSED_VARIABLE = YES;
				MTL_ENABLE_DEBUG_INFO = INCLUDE_SOURCE;
				MTL_FAST_MATH = YES;
				ONLY_ACTIVE_ARCH = YES;
				SWIFT_ACTIVE_COMPILATION_CONDITIONS = DEBUG;
				SWIFT_OPTIMIZATION_LEVEL = "-Onone";
			};
			name = Debug;
		};
		A0DA23E829C307FC0047AFCE /* Release */ = {
			isa = XCBuildConfiguration;
			buildSettings = {
				ALWAYS_SEARCH_USER_PATHS = NO;
				CLANG_ANALYZER_NONNULL = YES;
				CLANG_ANALYZER_NUMBER_OBJECT_CONVERSION = YES_AGGRESSIVE;
				CLANG_CXX_LANGUAGE_STANDARD = "gnu++20";
				CLANG_ENABLE_MODULES = YES;
				CLANG_ENABLE_OBJC_ARC = YES;
				CLANG_ENABLE_OBJC_WEAK = YES;
				CLANG_WARN_BLOCK_CAPTURE_AUTORELEASING = YES;
				CLANG_WARN_BOOL_CONVERSION = YES;
				CLANG_WARN_COMMA = YES;
				CLANG_WARN_CONSTANT_CONVERSION = YES;
				CLANG_WARN_DEPRECATED_OBJC_IMPLEMENTATIONS = YES;
				CLANG_WARN_DIRECT_OBJC_ISA_USAGE = YES_ERROR;
				CLANG_WARN_DOCUMENTATION_COMMENTS = YES;
				CLANG_WARN_EMPTY_BODY = YES;
				CLANG_WARN_ENUM_CONVERSION = YES;
				CLANG_WARN_INFINITE_RECURSION = YES;
				CLANG_WARN_INT_CONVERSION = YES;
				CLANG_WARN_NON_LITERAL_NULL_CONVERSION = YES;
				CLANG_WARN_OBJC_IMPLICIT_RETAIN_SELF = YES;
				CLANG_WARN_OBJC_LITERAL_CONVERSION = YES;
				CLANG_WARN_OBJC_ROOT_CLASS = YES_ERROR;
				CLANG_WARN_QUOTED_INCLUDE_IN_FRAMEWORK_HEADER = YES;
				CLANG_WARN_RANGE_LOOP_ANALYSIS = YES;
				CLANG_WARN_STRICT_PROTOTYPES = YES;
				CLANG_WARN_SUSPICIOUS_MOVE = YES;
				CLANG_WARN_UNGUARDED_AVAILABILITY = YES_AGGRESSIVE;
				CLANG_WARN_UNREACHABLE_CODE = YES;
				CLANG_WARN__DUPLICATE_METHOD_MATCH = YES;
				COPY_PHASE_STRIP = NO;
				DEBUG_INFORMATION_FORMAT = "dwarf-with-dsym";
				ENABLE_NS_ASSERTIONS = NO;
				ENABLE_STRICT_OBJC_MSGSEND = YES;
				GCC_C_LANGUAGE_STANDARD = gnu11;
				GCC_NO_COMMON_BLOCKS = YES;
				GCC_WARN_64_TO_32_BIT_CONVERSION = YES;
				GCC_WARN_ABOUT_RETURN_TYPE = YES_ERROR;
				GCC_WARN_UNDECLARED_SELECTOR = YES;
				GCC_WARN_UNINITIALIZED_AUTOS = YES_AGGRESSIVE;
				GCC_WARN_UNUSED_FUNCTION = YES;
				GCC_WARN_UNUSED_VARIABLE = YES;
				MTL_ENABLE_DEBUG_INFO = NO;
				MTL_FAST_MATH = YES;
				SWIFT_COMPILATION_MODE = wholemodule;
				SWIFT_OPTIMIZATION_LEVEL = "-O";
			};
			name = Release;
		};
		A0DA23EA29C307FC0047AFCE /* Debug */ = {
			isa = XCBuildConfiguration;
			buildSettings = {
				ASSETCATALOG_COMPILER_APPICON_NAME = AppIcon;
				ASSETCATALOG_COMPILER_GLOBAL_ACCENT_COLOR_NAME = AccentColor;
				CODE_SIGN_ENTITLEMENTS = Music/Music.entitlements;
				CODE_SIGN_STYLE = Automatic;
				CURRENT_PROJECT_VERSION = 1;
				DEVELOPMENT_ASSET_PATHS = "\"Music/Preview Content\"";
				DEVELOPMENT_TEAM = H7MDV4BRH2;
				ENABLE_HARDENED_RUNTIME = YES;
				ENABLE_PREVIEWS = YES;
				GENERATE_INFOPLIST_FILE = YES;
				INFOPLIST_FILE = Music/Info.plist;
				INFOPLIST_KEY_NSCameraUsageDescription = "Our app needs access to your camera to enabled the augment";
				"INFOPLIST_KEY_UIApplicationSceneManifest_Generation[sdk=iphoneos*]" = YES;
				"INFOPLIST_KEY_UIApplicationSceneManifest_Generation[sdk=iphonesimulator*]" = YES;
				"INFOPLIST_KEY_UIApplicationSupportsIndirectInputEvents[sdk=iphoneos*]" = YES;
				"INFOPLIST_KEY_UIApplicationSupportsIndirectInputEvents[sdk=iphonesimulator*]" = YES;
				"INFOPLIST_KEY_UILaunchScreen_Generation[sdk=iphoneos*]" = YES;
				"INFOPLIST_KEY_UILaunchScreen_Generation[sdk=iphonesimulator*]" = YES;
				"INFOPLIST_KEY_UIStatusBarStyle[sdk=iphoneos*]" = UIStatusBarStyleDefault;
				"INFOPLIST_KEY_UIStatusBarStyle[sdk=iphonesimulator*]" = UIStatusBarStyleDefault;
				INFOPLIST_KEY_UISupportedInterfaceOrientations_iPad = "UIInterfaceOrientationPortrait UIInterfaceOrientationPortraitUpsideDown UIInterfaceOrientationLandscapeLeft UIInterfaceOrientationLandscapeRight";
				INFOPLIST_KEY_UISupportedInterfaceOrientations_iPhone = "UIInterfaceOrientationPortrait UIInterfaceOrientationLandscapeLeft UIInterfaceOrientationLandscapeRight";
				IPHONEOS_DEPLOYMENT_TARGET = 16.2;
				LD_RUNPATH_SEARCH_PATHS = "@executable_path/Frameworks";
				"LD_RUNPATH_SEARCH_PATHS[sdk=macosx*]" = "@executable_path/../Frameworks";
				MACOSX_DEPLOYMENT_TARGET = 13.1;
				MARKETING_VERSION = 1.0;
				PRODUCT_BUNDLE_IDENTIFIER = "-039129107-qq.com.Music";
				PRODUCT_NAME = "$(TARGET_NAME)";
				SDKROOT = auto;
				SUPPORTED_PLATFORMS = "iphoneos iphonesimulator macosx";
				SWIFT_EMIT_LOC_STRINGS = YES;
				SWIFT_VERSION = 5.0;
				TARGETED_DEVICE_FAMILY = "1,2";
			};
			name = Debug;
		};
		A0DA23EB29C307FC0047AFCE /* Release */ = {
			isa = XCBuildConfiguration;
			buildSettings = {
				ASSETCATALOG_COMPILER_APPICON_NAME = AppIcon;
				ASSETCATALOG_COMPILER_GLOBAL_ACCENT_COLOR_NAME = AccentColor;
				CODE_SIGN_ENTITLEMENTS = Music/Music.entitlements;
				CODE_SIGN_STYLE = Automatic;
				CURRENT_PROJECT_VERSION = 1;
				DEVELOPMENT_ASSET_PATHS = "\"Music/Preview Content\"";
				DEVELOPMENT_TEAM = H7MDV4BRH2;
				ENABLE_HARDENED_RUNTIME = YES;
				ENABLE_PREVIEWS = YES;
				GENERATE_INFOPLIST_FILE = YES;
				INFOPLIST_FILE = Music/Info.plist;
				INFOPLIST_KEY_NSCameraUsageDescription = "Our app needs access to your camera to enabled the augment";
				"INFOPLIST_KEY_UIApplicationSceneManifest_Generation[sdk=iphoneos*]" = YES;
				"INFOPLIST_KEY_UIApplicationSceneManifest_Generation[sdk=iphonesimulator*]" = YES;
				"INFOPLIST_KEY_UIApplicationSupportsIndirectInputEvents[sdk=iphoneos*]" = YES;
				"INFOPLIST_KEY_UIApplicationSupportsIndirectInputEvents[sdk=iphonesimulator*]" = YES;
				"INFOPLIST_KEY_UILaunchScreen_Generation[sdk=iphoneos*]" = YES;
				"INFOPLIST_KEY_UILaunchScreen_Generation[sdk=iphonesimulator*]" = YES;
				"INFOPLIST_KEY_UIStatusBarStyle[sdk=iphoneos*]" = UIStatusBarStyleDefault;
				"INFOPLIST_KEY_UIStatusBarStyle[sdk=iphonesimulator*]" = UIStatusBarStyleDefault;
				INFOPLIST_KEY_UISupportedInterfaceOrientations_iPad = "UIInterfaceOrientationPortrait UIInterfaceOrientationPortraitUpsideDown UIInterfaceOrientationLandscapeLeft UIInterfaceOrientationLandscapeRight";
				INFOPLIST_KEY_UISupportedInterfaceOrientations_iPhone = "UIInterfaceOrientationPortrait UIInterfaceOrientationLandscapeLeft UIInterfaceOrientationLandscapeRight";
				IPHONEOS_DEPLOYMENT_TARGET = 16.2;
				LD_RUNPATH_SEARCH_PATHS = "@executable_path/Frameworks";
				"LD_RUNPATH_SEARCH_PATHS[sdk=macosx*]" = "@executable_path/../Frameworks";
				MACOSX_DEPLOYMENT_TARGET = 13.1;
				MARKETING_VERSION = 1.0;
				PRODUCT_BUNDLE_IDENTIFIER = "-039129107-qq.com.Music";
				PRODUCT_NAME = "$(TARGET_NAME)";
				SDKROOT = auto;
				SUPPORTED_PLATFORMS = "iphoneos iphonesimulator macosx";
				SWIFT_EMIT_LOC_STRINGS = YES;
				SWIFT_VERSION = 5.0;
				TARGETED_DEVICE_FAMILY = "1,2";
			};
			name = Release;
		};
/* End XCBuildConfiguration section */

/* Begin XCConfigurationList section */
		A0DA23D529C307F90047AFCE /* Build configuration list for PBXProject "Music" */ = {
			isa = XCConfigurationList;
			buildConfigurations = (
				A0DA23E729C307FC0047AFCE /* Debug */,
				A0DA23E829C307FC0047AFCE /* Release */,
			);
			defaultConfigurationIsVisible = 0;
			defaultConfigurationName = Release;
		};
		A0DA23E929C307FC0047AFCE /* Build configuration list for PBXNativeTarget "Music" */ = {
			isa = XCConfigurationList;
			buildConfigurations = (
				A0DA23EA29C307FC0047AFCE /* Debug */,
				A0DA23EB29C307FC0047AFCE /* Release */,
			);
			defaultConfigurationIsVisible = 0;
			defaultConfigurationName = Release;
		};
/* End XCConfigurationList section */
	};
	rootObject = A0DA23D229C307F90047AFCE /* Project object */;
}
